// !$*UTF8*$!
{
	archiveVersion = 1;
	classes = {
	};
	objectVersion = 56;
	objects = {

/* Begin PBXBuildFile section */
		3074BD8ACDD142CE93E81C4B /* AgentClient.swift in Sources */ = {isa = PBXBuildFile; fileRef = 6FF00D867956472D92407AEF; };
		EC2B052A5D6449DC83A58284 /* App.swift in Sources */ = {isa = PBXBuildFile; fileRef = EA81468246E04A31A8614295; };
		F2F7721A36874670860C5CD8 /* CodeAgentViewModel.swift in Sources */ = {isa = PBXBuildFile; fileRef = E6E30A87F7424EB7BDC33BA5; };
		330DCA1A83984BB38CF96DAB /* ContentView.swift in Sources */ = {isa = PBXBuildFile; fileRef = 7CD15EF09FA44FF18522681C; };
		9165EC27F5EC455EBA884B42 /* CodeAgentMainView.swift in Sources */ = {isa = PBXBuildFile; fileRef = 3326EBC18AC54B1A95343084; };
		0182B0ED65204FAAAF50F1C9 /* CodeAgentTheme.swift in Sources */ = {isa = PBXBuildFile; fileRef = D6BBA6D02025483AA8E4B225; };
		3F2E1B94EDA34448917733BD /* ChatSidebarView.swift in Sources */ = {isa = PBXBuildFile; fileRef = 46065230C3074C9BB136357D; };
		3B3586F3D99A4427825E2532 /* DiffView.swift in Sources */ = {isa = PBXBuildFile; fileRef = 44C31AB29A624674B80C1F5D; };
		5E5675765F054C3698CB6D9B /* ModelPickerView.swift in Sources */ = {isa = PBXBuildFile; fileRef = 45D9CC00DAD5414DB93B5417; };
		F317BFCD425E4BDBA41FBB9F /* ProjectSidebarView.swift in Sources */ = {isa = PBXBuildFile; fileRef = AF2C26713DD149C7A5054F2F; };
		4D146695685D4EDDA1B294EB /* RealTerminalView.swift in Sources */ = {isa = PBXBuildFile; fileRef = 70C619A5370947109D9441C3; };
		D7435BEC4A794DC5AEA88918 /* TerminalView.swift in Sources */ = {isa = PBXBuildFile; fileRef = 0B7075D116E8456A85F2651C; };
		9AC7FA54D43F4B9D8AEB7281 /* ProviderCredentialStore.swift in Sources */ = {isa = PBXBuildFile; fileRef = B52FD39A49D44FA18DCC6DE5; };
		6664DA12CABE445F96DBC2D3 /* Assets.xcassets in Resources */ = {isa = PBXBuildFile; fileRef = 1032D4C92DB3488BAF16C97A; };
/* End PBXBuildFile section */

/* Begin PBXFileReference section */
		1A02AF1A51EE435A99DA80EC /* CodexJSONLClientApp.app */ = {isa = PBXFileReference; includeInIndex = 0; lastKnownFileType = wrapper.application; path = CodexJSONLClientApp.app; sourceTree = BUILT_PRODUCTS_DIR; };
		6FF00D867956472D92407AEF /* AgentClient.swift */ = {isa = PBXFileReference; lastKnownFileType = sourcecode.swift; path = "Sources/CodexJSONLClient/AgentClient.swift"; sourceTree = "<group>"; };
		EA81468246E04A31A8614295 /* App.swift */ = {isa = PBXFileReference; lastKnownFileType = sourcecode.swift; path = "Sources/CodexJSONLClient/App.swift"; sourceTree = "<group>"; };
		E6E30A87F7424EB7BDC33BA5 /* CodeAgentViewModel.swift */ = {isa = PBXFileReference; lastKnownFileType = sourcecode.swift; path = "Sources/CodexJSONLClient/CodeAgentViewModel.swift"; sourceTree = "<group>"; };
		7CD15EF09FA44FF18522681C /* ContentView.swift */ = {isa = PBXFileReference; lastKnownFileType = sourcecode.swift; path = "Sources/CodexJSONLClient/ContentView.swift"; sourceTree = "<group>"; };
		3326EBC18AC54B1A95343084 /* CodeAgentMainView.swift */ = {isa = PBXFileReference; lastKnownFileType = sourcecode.swift; path = "Sources/CodexJSONLClient/Views/CodeAgentMainView.swift"; sourceTree = "<group>"; };
		D6BBA6D02025483AA8E4B225 /* CodeAgentTheme.swift */ = {isa = PBXFileReference; lastKnownFileType = sourcecode.swift; path = "Sources/CodexJSONLClient/Views/CodeAgentTheme.swift"; sourceTree = "<group>"; };
		46065230C3074C9BB136357D /* ChatSidebarView.swift */ = {isa = PBXFileReference; lastKnownFileType = sourcecode.swift; path = "Sources/CodexJSONLClient/Views/Components/ChatSidebarView.swift"; sourceTree = "<group>"; };
		44C31AB29A624674B80C1F5D /* DiffView.swift */ = {isa = PBXFileReference; lastKnownFileType = sourcecode.swift; path = "Sources/CodexJSONLClient/Views/Components/DiffView.swift"; sourceTree = "<group>"; };
		45D9CC00DAD5414DB93B5417 /* ModelPickerView.swift */ = {isa = PBXFileReference; lastKnownFileType = sourcecode.swift; path = "Sources/CodexJSONLClient/Views/Components/ModelPickerView.swift"; sourceTree = "<group>"; };
		AF2C26713DD149C7A5054F2F /* ProjectSidebarView.swift */ = {isa = PBXFileReference; lastKnownFileType = sourcecode.swift; path = "Sources/CodexJSONLClient/Views/Components/ProjectSidebarView.swift"; sourceTree = "<group>"; };
		70C619A5370947109D9441C3 /* RealTerminalView.swift */ = {isa = PBXFileReference; lastKnownFileType = sourcecode.swift; path = "Sources/CodexJSONLClient/Views/Components/RealTerminalView.swift"; sourceTree = "<group>"; };
		0B7075D116E8456A85F2651C /* TerminalView.swift */ = {isa = PBXFileReference; lastKnownFileType = sourcecode.swift; path = "Sources/CodexJSONLClient/Views/Components/TerminalView.swift"; sourceTree = "<group>"; };
		B52FD39A49D44FA18DCC6DE5 /* ProviderCredentialStore.swift */ = {isa = PBXFileReference; lastKnownFileType = sourcecode.swift; path = "Sources/CodexJSONLClient/ProviderCredentialStore.swift"; sourceTree = "<group>"; };
		1032D4C92DB3488BAF16C97A /* Assets.xcassets */ = {isa = PBXFileReference; lastKnownFileType = folder.assetcatalog; path = "CodexJSONLClientApp/Assets.xcassets"; sourceTree = "<group>"; };
/* End PBXFileReference section */

/* Begin PBXFrameworksBuildPhase section */
		36397FCE0BC84BFCB1AF3BB4 = {
			isa = PBXFrameworksBuildPhase;
			buildActionMask = 2147483647;
			files = ();
			runOnlyForDeploymentPostprocessing = 0;
		};
/* End PBXFrameworksBuildPhase section */

/* Begin PBXGroup section */
		A46FE8DC251041E8B391D5C7 = {
			isa = PBXGroup;
			children = (
				106D62598DE24331A686C88D /* Sources */,
				1032D4C92DB3488BAF16C97A /* Assets.xcassets */,
				D3D78AAE20CB469DABEBA64B /* Products */,
			);
			sourceTree = "<group>";
		};
		D3D78AAE20CB469DABEBA64B /* Products */ = {
			isa = PBXGroup;
			children = (
				1A02AF1A51EE435A99DA80EC /* CodexJSONLClientApp.app */,
			);
			name = Products;
			sourceTree = "<group>";
		};
		106D62598DE24331A686C88D /* CodexJSONLClient */ = {
			isa = PBXGroup;
			children = (
				6FF00D867956472D92407AEF /* AgentClient.swift */,
				EA81468246E04A31A8614295 /* App.swift */,
				E6E30A87F7424EB7BDC33BA5 /* CodeAgentViewModel.swift */,
				7CD15EF09FA44FF18522681C /* ContentView.swift */,
				B52FD39A49D44FA18DCC6DE5 /* ProviderCredentialStore.swift */,
				8CA76478AEE445488E49ADD4 /* Views */,
			);
			name = "CodexJSONLClient";
			sourceTree = "<group>";
		};
		8CA76478AEE445488E49ADD4 /* Views */ = {
			isa = PBXGroup;
			children = (
				3326EBC18AC54B1A95343084 /* CodeAgentMainView.swift */,
				D6BBA6D02025483AA8E4B225 /* CodeAgentTheme.swift */,
				48295CA526FA4683BBB1D980 /* Components */,
			);
			name = "Views";
			sourceTree = "<group>";
		};
		48295CA526FA4683BBB1D980 /* Components */ = {
			isa = PBXGroup;
			children = (
				46065230C3074C9BB136357D /* ChatSidebarView.swift */,
				44C31AB29A624674B80C1F5D /* DiffView.swift */,
				45D9CC00DAD5414DB93B5417 /* ModelPickerView.swift */,
				AF2C26713DD149C7A5054F2F /* ProjectSidebarView.swift */,
				70C619A5370947109D9441C3 /* RealTerminalView.swift */,
				0B7075D116E8456A85F2651C /* TerminalView.swift */,
			);
			name = "Components";
			sourceTree = "<group>";
		};
/* End PBXGroup section */

/* Begin PBXNativeTarget section */
		C765BFCAE71A447D97228F66 /* CodexJSONLClientApp */ = {
			isa = PBXNativeTarget;
			buildConfigurationList = 7F7028AC17F145E5A4253BAE;
			buildPhases = (
				184E6DA9AEC446F385FCA724,
				36397FCE0BC84BFCB1AF3BB4,
				F1E640CE3F2943759E7056D6,
			);
			buildRules = ();
			dependencies = ();
			name = CodexJSONLClientApp;
			productName = CodexJSONLClientApp;
			productReference = 1A02AF1A51EE435A99DA80EC;
			productType = "com.apple.product-type.application";
		};
/* End PBXNativeTarget section */

/* Begin PBXProject section */
		985B5FE6F14241C69F1DDCDC = {
			isa = PBXProject;
			attributes = {
				LastUpgradeCheck = 1500;
				TargetAttributes = {
					C765BFCAE71A447D97228F66 = { CreatedOnToolsVersion = 15.0; };
				};
			};
			buildConfigurationList = 139D5846C5B5435583519FCC;
			compatibilityVersion = "Xcode 14.0";
			developmentRegion = en;
			hasScannedForEncodings = 0;
			knownRegions = (en, Base);
			mainGroup = A46FE8DC251041E8B391D5C7;
			productRefGroup = D3D78AAE20CB469DABEBA64B;
			projectDirPath = "";
			projectRoot = "";
			targets = (C765BFCAE71A447D97228F66);
		};
/* End PBXProject section */

/* Begin PBXResourcesBuildPhase section */
		F1E640CE3F2943759E7056D6 = {
			isa = PBXResourcesBuildPhase;
			buildActionMask = 2147483647;
			files = ( 6664DA12CABE445F96DBC2D3 /* Assets.xcassets in Resources */, );
			runOnlyForDeploymentPostprocessing = 0;
		};
/* End PBXResourcesBuildPhase section */

/* Begin PBXSourcesBuildPhase section */
		184E6DA9AEC446F385FCA724 = {
			isa = PBXSourcesBuildPhase;
			buildActionMask = 2147483647;
			files = (
				3074BD8ACDD142CE93E81C4B /* AgentClient.swift in Sources */,
				EC2B052A5D6449DC83A58284 /* App.swift in Sources */,
				F2F7721A36874670860C5CD8 /* CodeAgentViewModel.swift in Sources */,
				330DCA1A83984BB38CF96DAB /* ContentView.swift in Sources */,
				9165EC27F5EC455EBA884B42 /* CodeAgentMainView.swift in Sources */,
				0182B0ED65204FAAAF50F1C9 /* CodeAgentTheme.swift in Sources */,
				3F2E1B94EDA34448917733BD /* ChatSidebarView.swift in Sources */,
				3B3586F3D99A4427825E2532 /* DiffView.swift in Sources */,
				5E5675765F054C3698CB6D9B /* ModelPickerView.swift in Sources */,
				F317BFCD425E4BDBA41FBB9F /* ProjectSidebarView.swift in Sources */,
				4D146695685D4EDDA1B294EB /* RealTerminalView.swift in Sources */,
				D7435BEC4A794DC5AEA88918 /* TerminalView.swift in Sources */,
				9AC7FA54D43F4B9D8AEB7281 /* ProviderCredentialStore.swift in Sources */,
			);
			runOnlyForDeploymentPostprocessing = 0;
		};
/* End PBXSourcesBuildPhase section */

/* Begin XCBuildConfiguration section */
		D99B6F45C50E400A8CEC7120 /* Debug */ = {
			isa = XCBuildConfiguration;
			buildSettings = {
				ASSETCATALOG_COMPILER_APPICON_NAME = AppIcon;
				COPY_PHASE_STRIP = NO;
				DEBUG_INFORMATION_FORMAT = dwarf;
				ENABLE_TESTABILITY = YES;
				GCC_DYNAMIC_NO_PIC = NO;
				GCC_OPTIMIZATION_LEVEL = 0;
				GCC_PREPROCESSOR_DEFINITIONS = ("DEBUG=1", "$(inherited)");
				MACOSX_DEPLOYMENT_TARGET = 13.0;
				ONLY_ACTIVE_ARCH = YES;
				SDKROOT = macosx;
				SWIFT_ACTIVE_COMPILATION_CONDITIONS = DEBUG;
				SWIFT_OPTIMIZATION_LEVEL = "-Onone";
			};
			name = Debug;
		};
		CCF450064F8C4788ABFD1F64 /* Release */ = {
			isa = XCBuildConfiguration;
			buildSettings = {
				ASSETCATALOG_COMPILER_APPICON_NAME = AppIcon;
				COPY_PHASE_STRIP = NO;
				DEBUG_INFORMATION_FORMAT = "dwarf-with-dsym";
				ENABLE_NS_ASSERTIONS = NO;
				MACOSX_DEPLOYMENT_TARGET = 13.0;
				SDKROOT = macosx;
				SWIFT_COMPILATION_MODE = wholemodule;
				SWIFT_OPTIMIZATION_LEVEL = "-O";
			};
			name = Release;
		};
		07005D68857A47869C0693C6 /* Debug */ = {
			isa = XCBuildConfiguration;
			buildSettings = {
				ASSETCATALOG_COMPILER_APPICON_NAME = AppIcon;
				CODE_SIGN_STYLE = Automatic;
				COMBINE_HIDPI_IMAGES = YES;
				CURRENT_PROJECT_VERSION = 1;
				GENERATE_INFOPLIST_FILE = YES;
				MARKETING_VERSION = 1.0;
				PRODUCT_BUNDLE_IDENTIFIER = com.eric.CodexJSONLClientApp;
				PRODUCT_NAME = "$(TARGET_NAME)";
				SWIFT_VERSION = 5.0;
			};
			name = Debug;
		};
		2C2757B761EE429180FDE583 /* Release */ = {
			isa = XCBuildConfiguration;
			buildSettings = {
				ASSETCATALOG_COMPILER_APPICON_NAME = AppIcon;
				CODE_SIGN_STYLE = Automatic;
				COMBINE_HIDPI_IMAGES = YES;
				CURRENT_PROJECT_VERSION = 1;
				GENERATE_INFOPLIST_FILE = YES;
				MARKETING_VERSION = 1.0;
				PRODUCT_BUNDLE_IDENTIFIER = com.eric.CodexJSONLClientApp;
				PRODUCT_NAME = "$(TARGET_NAME)";
				SWIFT_VERSION = 5.0;
			};
			name = Release;
		};
/* End XCBuildConfiguration section */

/* Begin XCConfigurationList section */
		139D5846C5B5435583519FCC = {
			isa = XCConfigurationList;
			buildConfigurations = (D99B6F45C50E400A8CEC7120 /* Debug */, CCF450064F8C4788ABFD1F64 /* Release */);
			defaultConfigurationIsVisible = 0;
			defaultConfigurationName = Release;
		};
		7F7028AC17F145E5A4253BAE = {
			isa = XCConfigurationList;
			buildConfigurations = (07005D68857A47869C0693C6 /* Debug */, 2C2757B761EE429180FDE583 /* Release */);
			defaultConfigurationIsVisible = 0;
			defaultConfigurationName = Release;
		};
/* End XCConfigurationList section */
	};
	rootObject = 985B5FE6F14241C69F1DDCDC;
}
