// !$*UTF8*$!
{
	archiveVersion = 1;
	classes = {
	};
	objectVersion = 56;
	objects = {

/* Begin PBXBuildFile section */
		1228FACB62CF4F0C9551A8DD /* AgentClient.swift in Sources */ = {isa = PBXBuildFile; fileRef = B0104853E2784508978D8DC1 /* AgentClient.swift */; };
		1A118660CBFA4D16B095BA90 /* AgentViewModel.swift in Sources */ = {isa = PBXBuildFile; fileRef = 191E066D339E4E7BA7296049 /* AgentViewModel.swift */; };
		864EAB445596495385A53737 /* App.swift in Sources */ = {isa = PBXBuildFile; fileRef = 43C31F2D414E447199B0ACD6 /* App.swift */; };
		3BCE3B4A8DD94E28A6479855 /* CodeAgentViewModel.swift in Sources */ = {isa = PBXBuildFile; fileRef = B2729548CE174A06870E3B74 /* CodeAgentViewModel.swift */; };
		A02DFFF1525C46A396A7008D /* ContentView.swift in Sources */ = {isa = PBXBuildFile; fileRef = 83F6CDC9907640868C983603 /* ContentView.swift */; };
		1DD5C4EBB8CD4E299699B8E2 /* CodeAgentMainView.swift in Sources */ = {isa = PBXBuildFile; fileRef = ACA11029FEB449F198217852 /* CodeAgentMainView.swift */; };
		C8804D77C75940C4A4E7C9AA /* CodeAgentTheme.swift in Sources */ = {isa = PBXBuildFile; fileRef = 4B53B46583104B8DB5506A41 /* CodeAgentTheme.swift */; };
		BCDB72D4E78A424A94365E14 /* ChatSidebarView.swift in Sources */ = {isa = PBXBuildFile; fileRef = 20B00C17B26E474CBED1C524 /* ChatSidebarView.swift */; };
		AAA4AEF0E9D54BD992D212DD /* DiffView.swift in Sources */ = {isa = PBXBuildFile; fileRef = BC18D408AB694187B2899862 /* DiffView.swift */; };
		111D6A8D01CF4721B8CAE30A /* ModelPickerView.swift in Sources */ = {isa = PBXBuildFile; fileRef = 099213CCDF0B404895ED54A5 /* ModelPickerView.swift */; };
		0120618FD63745ECA8564C69 /* ProjectSidebarView.swift in Sources */ = {isa = PBXBuildFile; fileRef = 71CDDE4017794440BAE63F47 /* ProjectSidebarView.swift */; };
		708A2E7C7D36494193A3C035 /* TerminalView.swift in Sources */ = {isa = PBXBuildFile; fileRef = AF093102AF674F5F8D6BC558 /* TerminalView.swift */; };
		1995216B7BCC4C488B2CB15C /* Assets.xcassets in Resources */ = {isa = PBXBuildFile; fileRef = 7FF5782E06DE432EA3AE0D66 /* Assets.xcassets */; };
/* End PBXBuildFile section */

/* Begin PBXFileReference section */
		FC3342B9A2034A75B9FAE683 /* CodexJSONLClientApp.app */ = {isa = PBXFileReference; includeInIndex = 0; lastKnownFileType = wrapper.application; path = CodexJSONLClientApp.app; sourceTree = BUILT_PRODUCTS_DIR; };
		B0104853E2784508978D8DC1 /* AgentClient.swift */ = {isa = PBXFileReference; lastKnownFileType = sourcecode.swift; path = "Sources/CodexJSONLClient/AgentClient.swift"; sourceTree = "<group>"; };
		191E066D339E4E7BA7296049 /* AgentViewModel.swift */ = {isa = PBXFileReference; lastKnownFileType = sourcecode.swift; path = "Sources/CodexJSONLClient/AgentViewModel.swift"; sourceTree = "<group>"; };
		43C31F2D414E447199B0ACD6 /* App.swift */ = {isa = PBXFileReference; lastKnownFileType = sourcecode.swift; path = "Sources/CodexJSONLClient/App.swift"; sourceTree = "<group>"; };
		B2729548CE174A06870E3B74 /* CodeAgentViewModel.swift */ = {isa = PBXFileReference; lastKnownFileType = sourcecode.swift; path = "Sources/CodexJSONLClient/CodeAgentViewModel.swift"; sourceTree = "<group>"; };
		83F6CDC9907640868C983603 /* ContentView.swift */ = {isa = PBXFileReference; lastKnownFileType = sourcecode.swift; path = "Sources/CodexJSONLClient/ContentView.swift"; sourceTree = "<group>"; };
		ACA11029FEB449F198217852 /* CodeAgentMainView.swift */ = {isa = PBXFileReference; lastKnownFileType = sourcecode.swift; path = "Sources/CodexJSONLClient/Views/CodeAgentMainView.swift"; sourceTree = "<group>"; };
		4B53B46583104B8DB5506A41 /* CodeAgentTheme.swift */ = {isa = PBXFileReference; lastKnownFileType = sourcecode.swift; path = "Sources/CodexJSONLClient/Views/CodeAgentTheme.swift"; sourceTree = "<group>"; };
		20B00C17B26E474CBED1C524 /* ChatSidebarView.swift */ = {isa = PBXFileReference; lastKnownFileType = sourcecode.swift; path = "Sources/CodexJSONLClient/Views/Components/ChatSidebarView.swift"; sourceTree = "<group>"; };
		BC18D408AB694187B2899862 /* DiffView.swift */ = {isa = PBXFileReference; lastKnownFileType = sourcecode.swift; path = "Sources/CodexJSONLClient/Views/Components/DiffView.swift"; sourceTree = "<group>"; };
		099213CCDF0B404895ED54A5 /* ModelPickerView.swift */ = {isa = PBXFileReference; lastKnownFileType = sourcecode.swift; path = "Sources/CodexJSONLClient/Views/Components/ModelPickerView.swift"; sourceTree = "<group>"; };
		71CDDE4017794440BAE63F47 /* ProjectSidebarView.swift */ = {isa = PBXFileReference; lastKnownFileType = sourcecode.swift; path = "Sources/CodexJSONLClient/Views/Components/ProjectSidebarView.swift"; sourceTree = "<group>"; };
		AF093102AF674F5F8D6BC558 /* TerminalView.swift */ = {isa = PBXFileReference; lastKnownFileType = sourcecode.swift; path = "Sources/CodexJSONLClient/Views/Components/TerminalView.swift"; sourceTree = "<group>"; };
		7FF5782E06DE432EA3AE0D66 /* Assets.xcassets */ = {isa = PBXFileReference; lastKnownFileType = folder.assetcatalog; path = "CodexJSONLClientApp/Assets.xcassets"; sourceTree = "<group>"; };
/* End PBXFileReference section */

/* Begin PBXFrameworksBuildPhase section */
		C785AC228AD344ABB8390E83 /* Frameworks */ = {
			isa = PBXFrameworksBuildPhase;
			buildActionMask = 2147483647;
			files = (
			);
			runOnlyForDeploymentPostprocessing = 0;
		};
/* End PBXFrameworksBuildPhase section */

/* Begin PBXGroup section */
		FCD279FF5DAB430893195D0B = {
			isa = PBXGroup;
			children = (
				7C56AE561FE540EE8CB8C800 /* Sources */,
				7FF5782E06DE432EA3AE0D66 /* Assets.xcassets */,
				8712017C48FE4B85AD8EF314 /* Products */,
			);
			sourceTree = "<group>";
		};
		8712017C48FE4B85AD8EF314 /* Products */ = {
			isa = PBXGroup;
			children = (
				FC3342B9A2034A75B9FAE683 /* CodexJSONLClientApp.app */,
			);
			name = Products;
			sourceTree = "<group>";
		};
		7C56AE561FE540EE8CB8C800 /* CodexJSONLClient */ = {
			isa = PBXGroup;
			children = (
				8990FB4E1A3B43748F3699D9 /* Views */,
				B0104853E2784508978D8DC1 /* AgentClient.swift */,
				191E066D339E4E7BA7296049 /* AgentViewModel.swift */,
				43C31F2D414E447199B0ACD6 /* App.swift */,
				B2729548CE174A06870E3B74 /* CodeAgentViewModel.swift */,
				83F6CDC9907640868C983603 /* ContentView.swift */,
			);
			name = Sources; sourceTree = "<group>";
		};
		8990FB4E1A3B43748F3699D9 /* Views */ = {
			isa = PBXGroup;
			children = (
				529ADECE401A4C599A90D636 /* Components */,
				ACA11029FEB449F198217852 /* CodeAgentMainView.swift */,
				4B53B46583104B8DB5506A41 /* CodeAgentTheme.swift */,
			);
			name = Views; sourceTree = "<group>";
		};
		529ADECE401A4C599A90D636 /* Components */ = {
			isa = PBXGroup;
			children = (
				20B00C17B26E474CBED1C524 /* ChatSidebarView.swift */,
				BC18D408AB694187B2899862 /* DiffView.swift */,
				099213CCDF0B404895ED54A5 /* ModelPickerView.swift */,
				71CDDE4017794440BAE63F47 /* ProjectSidebarView.swift */,
				AF093102AF674F5F8D6BC558 /* TerminalView.swift */,
			);
			name = Components; sourceTree = "<group>";
		};
/* End PBXGroup section */

/* Begin PBXNativeTarget section */
		495C9233B5524FA5B652B70C /* CodexJSONLClientApp */ = {
			isa = PBXNativeTarget;
			buildConfigurationList = FE392BA553D84553A23E19E5 /* Build configuration list for PBXNativeTarget "CodexJSONLClientApp" */;
			buildPhases = (
				BFB519F11D7349A7B87746FB /* Sources */,
				C785AC228AD344ABB8390E83 /* Frameworks */,
				A10FA50A495C4FDD86579828 /* Resources */,
			);
			buildRules = (
			);
			dependencies = (
			);
			name = CodexJSONLClientApp;
			productName = CodexJSONLClientApp;
			productReference = FC3342B9A2034A75B9FAE683 /* CodexJSONLClientApp.app */;
			productType = "com.apple.product-type.application";
		};
/* End PBXNativeTarget section */

/* Begin PBXProject section */
		2082CC86313C44508CB15D76 /* Project object */ = {
			isa = PBXProject;
			attributes = {
				LastSwiftUpdateCheck = 1500;
				LastUpgradeCheck = 1500;
				TargetAttributes = {
					495C9233B5524FA5B652B70C = {
						CreatedOnToolsVersion = 15.0;
					};
				};
			};
			buildConfigurationList = 8326FEBF81C44FF991DBC1D8 /* Build configuration list for PBXProject "CodexJSONLClientApp" */;
			compatibilityVersion = "Xcode 14.0";
			developmentRegion = en;
			hasScannedForEncodings = 0;
			knownRegions = (
				en,
				Base,
			);
			mainGroup = FCD279FF5DAB430893195D0B;
			productRefGroup = 8712017C48FE4B85AD8EF314 /* Products */;
			projectDirPath = "";
			projectRoot = "";
			targets = (
				495C9233B5524FA5B652B70C /* CodexJSONLClientApp */,
			);
		};
/* End PBXProject section */

/* Begin PBXResourcesBuildPhase section */
		A10FA50A495C4FDD86579828 /* Resources */ = {
			isa = PBXResourcesBuildPhase;
			buildActionMask = 2147483647;
			files = (
				1995216B7BCC4C488B2CB15C /* Assets.xcassets in Resources */,
			);
			runOnlyForDeploymentPostprocessing = 0;
		};
/* End PBXResourcesBuildPhase section */

/* Begin PBXSourcesBuildPhase section */
		BFB519F11D7349A7B87746FB /* Sources */ = {
			isa = PBXSourcesBuildPhase;
			buildActionMask = 2147483647;
			files = (
				1228FACB62CF4F0C9551A8DD /* AgentClient.swift in Sources */,
				1A118660CBFA4D16B095BA90 /* AgentViewModel.swift in Sources */,
				864EAB445596495385A53737 /* App.swift in Sources */,
				3BCE3B4A8DD94E28A6479855 /* CodeAgentViewModel.swift in Sources */,
				A02DFFF1525C46A396A7008D /* ContentView.swift in Sources */,
				1DD5C4EBB8CD4E299699B8E2 /* CodeAgentMainView.swift in Sources */,
				C8804D77C75940C4A4E7C9AA /* CodeAgentTheme.swift in Sources */,
				BCDB72D4E78A424A94365E14 /* ChatSidebarView.swift in Sources */,
				AAA4AEF0E9D54BD992D212DD /* DiffView.swift in Sources */,
				111D6A8D01CF4721B8CAE30A /* ModelPickerView.swift in Sources */,
				0120618FD63745ECA8564C69 /* ProjectSidebarView.swift in Sources */,
				708A2E7C7D36494193A3C035 /* TerminalView.swift in Sources */,
			);
			runOnlyForDeploymentPostprocessing = 0;
		};
/* End PBXSourcesBuildPhase section */

/* Begin XCBuildConfiguration section */
		5E51D10829414828AFEF7FD0 /* Debug */ = {
			isa = XCBuildConfiguration;
			buildSettings = {
				ALWAYS_SEARCH_USER_PATHS = NO;
				ASSETCATALOG_COMPILER_APPICON_NAME = AppIcon;
				CLANG_ENABLE_MODULES = YES;
				CLANG_ENABLE_OBJC_ARC = YES;
				CLANG_WARN_BLOCK_CAPTURE_AUTORELEASING = YES;
				CLANG_WARN_BOOL_CONVERSION = YES;
				CLANG_WARN_COMMA = YES;
				CLANG_WARN_CONSTANT_CONVERSION = YES;
				CLANG_WARN_DIRECT_OBJC_ISA_USAGE = YES_ERROR;
				CLANG_WARN_EMPTY_BODY = YES;
				CLANG_WARN_ENUM_CONVERSION = YES;
				CLANG_WARN_INFINITE_RECURSION = YES;
				CLANG_WARN_INT_CONVERSION = YES;
				CLANG_WARN_NON_LITERAL_NULL_CONVERSION = YES;
				CLANG_WARN_OBJC_ROOT_CLASS = YES_ERROR;
				CLANG_WARN_RANGE_LOOP_ANALYSIS = YES;
				CLANG_WARN_STRICT_PROTOTYPES = YES;
				CLANG_WARN_SUSPICIOUS_MOVE = YES;
				CLANG_WARN_UNREACHABLE_CODE = YES;
				CLANG_WARN__DUPLICATE_METHOD_MATCH = YES;
				COPY_PHASE_STRIP = NO;
				DEBUG_INFORMATION_FORMAT = dwarf;
				ENABLE_STRICT_OBJC_MSGSEND = YES;
				ENABLE_TESTABILITY = YES;
				GCC_C_LANGUAGE_STANDARD = gnu17;
				GCC_DYNAMIC_NO_PIC = NO;
				GCC_NO_COMMON_BLOCKS = YES;
				GCC_OPTIMIZATION_LEVEL = 0;
				GCC_PREPROCESSOR_DEFINITIONS = (
					"DEBUG=1",
					"$(inherited)",
				);
				GCC_WARN_64_TO_32_BIT_CONVERSION = YES;
				GCC_WARN_ABOUT_RETURN_TYPE = YES_ERROR;
				GCC_WARN_UNDECLARED_SELECTOR = YES;
				GCC_WARN_UNINITIALIZED_AUTOS = YES_AGGRESSIVE;
				GCC_WARN_UNUSED_FUNCTION = YES;
				GCC_WARN_UNUSED_VARIABLE = YES;
				MACOSX_DEPLOYMENT_TARGET = 13.0;
				MTL_ENABLE_DEBUG_INFO = INCLUDE_SOURCE;
				MTL_FAST_MATH = YES;
				ONLY_ACTIVE_ARCH = YES;
				SDKROOT = macosx;
				SWIFT_ACTIVE_COMPILATION_CONDITIONS = DEBUG;
				SWIFT_OPTIMIZATION_LEVEL = "-Onone";
			};
			name = Debug;
		};
		C1EE849FF62943C69CDFD335 /* Release */ = {
			isa = XCBuildConfiguration;
			buildSettings = {
				ALWAYS_SEARCH_USER_PATHS = NO;
				ASSETCATALOG_COMPILER_APPICON_NAME = AppIcon;
				CLANG_ENABLE_MODULES = YES;
				CLANG_ENABLE_OBJC_ARC = YES;
				CLANG_WARN_BLOCK_CAPTURE_AUTORELEASING = YES;
				CLANG_WARN_BOOL_CONVERSION = YES;
				CLANG_WARN_COMMA = YES;
				CLANG_WARN_CONSTANT_CONVERSION = YES;
				CLANG_WARN_DIRECT_OBJC_ISA_USAGE = YES_ERROR;
				CLANG_WARN_EMPTY_BODY = YES;
				CLANG_WARN_ENUM_CONVERSION = YES;
				CLANG_WARN_INFINITE_RECURSION = YES;
				CLANG_WARN_INT_CONVERSION = YES;
				CLANG_WARN_NON_LITERAL_NULL_CONVERSION = YES;
				CLANG_WARN_OBJC_ROOT_CLASS = YES_ERROR;
				CLANG_WARN_RANGE_LOOP_ANALYSIS = YES;
				CLANG_WARN_STRICT_PROTOTYPES = YES;
				CLANG_WARN_SUSPICIOUS_MOVE = YES;
				CLANG_WARN_UNREACHABLE_CODE = YES;
				CLANG_WARN__DUPLICATE_METHOD_MATCH = YES;
				COPY_PHASE_STRIP = NO;
				DEBUG_INFORMATION_FORMAT = "dwarf-with-dsym";
				ENABLE_NS_ASSERTIONS = NO;
				ENABLE_STRICT_OBJC_MSGSEND = YES;
				GCC_C_LANGUAGE_STANDARD = gnu17;
				GCC_NO_COMMON_BLOCKS = YES;
				GCC_WARN_64_TO_32_BIT_CONVERSION = YES;
				GCC_WARN_ABOUT_RETURN_TYPE = YES_ERROR;
				GCC_WARN_UNDECLARED_SELECTOR = YES;
				GCC_WARN_UNINITIALIZED_AUTOS = YES_AGGRESSIVE;
				GCC_WARN_UNUSED_FUNCTION = YES;
				GCC_WARN_UNUSED_VARIABLE = YES;
				MACOSX_DEPLOYMENT_TARGET = 13.0;
				MTL_ENABLE_DEBUG_INFO = NO;
				MTL_FAST_MATH = YES;
				SDKROOT = macosx;
				SWIFT_COMPILATION_MODE = wholemodule;
				SWIFT_OPTIMIZATION_LEVEL = "-O";
			};
			name = Release;
		};
		B306AFAE2BDB4DFD90FD2E8D /* Debug */ = {
			isa = XCBuildConfiguration;
			buildSettings = {
				ASSETCATALOG_COMPILER_APPICON_NAME = AppIcon;
				CODE_SIGN_STYLE = Automatic;
				COMBINE_HIDPI_IMAGES = YES;
				CURRENT_PROJECT_VERSION = 1;
				GENERATE_INFOPLIST_FILE = YES;
				INFOPLIST_KEY_NSHumanReadableCopyright = "";
				MARKETING_VERSION = 1.0;
				PRODUCT_BUNDLE_IDENTIFIER = com.eric.CodexJSONLClientApp;
				PRODUCT_NAME = "$(TARGET_NAME)";
				SWIFT_VERSION = 5.0;
			};
			name = Debug;
		};
		E6E208475AE54081BB03BC12 /* Release */ = {
			isa = XCBuildConfiguration;
			buildSettings = {
				ASSETCATALOG_COMPILER_APPICON_NAME = AppIcon;
				CODE_SIGN_STYLE = Automatic;
				COMBINE_HIDPI_IMAGES = YES;
				CURRENT_PROJECT_VERSION = 1;
				GENERATE_INFOPLIST_FILE = YES;
				INFOPLIST_KEY_NSHumanReadableCopyright = "";
				MARKETING_VERSION = 1.0;
				PRODUCT_BUNDLE_IDENTIFIER = com.eric.CodexJSONLClientApp;
				PRODUCT_NAME = "$(TARGET_NAME)";
				SWIFT_VERSION = 5.0;
			};
			name = Release;
		};
/* End XCBuildConfiguration section */

/* Begin XCConfigurationList section */
		8326FEBF81C44FF991DBC1D8 /* Build configuration list for PBXProject "CodexJSONLClientApp" */ = {
			isa = XCConfigurationList;
			buildConfigurations = (
				5E51D10829414828AFEF7FD0 /* Debug */,
				C1EE849FF62943C69CDFD335 /* Release */,
			);
			defaultConfigurationIsVisible = 0;
			defaultConfigurationName = Release;
		};
		FE392BA553D84553A23E19E5 /* Build configuration list for PBXNativeTarget "CodexJSONLClientApp" */ = {
			isa = XCConfigurationList;
			buildConfigurations = (
				B306AFAE2BDB4DFD90FD2E8D /* Debug */,
				E6E208475AE54081BB03BC12 /* Release */,
			);
			defaultConfigurationIsVisible = 0;
			defaultConfigurationName = Release;
		};
/* End XCConfigurationList section */
	};
	rootObject = 2082CC86313C44508CB15D76 /* Project object */;
}
